
Microsoft Visual Studio Solution File, Format Version 12.00
# Visual Studio 2013
VisualStudioVersion = 12.0.21005.1
MinimumVisualStudioVersion = 10.0.40219.1
Project("{FAE04EC0-301F-11D3-BF4B-00C04F79EFBC}") = "DistBoissonChaudeApp2", "DistBoissonChaudeAppApp2\DistBoissonChaudeApp2.csproj", "{C9496104-31FC-4926-A552-3C6130640586}"
EndProject
Project("{FAE04EC0-301F-11D3-BF4B-00C04F79EFBC}") = "DistBoissonChaudeLib", "DistBoissonChaudeLib\DistBoissonChaudeLib.csproj", "{863783FB-948E-40B5-8614-316B0421F634}"
EndProject
Project("{FAE04EC0-301F-11D3-BF4B-00C04F79EFBC}") = "BoissonChaudeUnitTest", "BoissonChaudeUnitTest\BoissonChaudeUnitTest.csproj", "{AE1067B4-2E92-469C-814D-DE9920A24FB0}"
EndProject
Global
	GlobalSection(SolutionConfigurationPlatforms) = preSolution
		Debug|Any CPU = Debug|Any CPU
		Release|Any CPU = Release|Any CPU
	EndGlobalSection
	GlobalSection(ProjectConfigurationPlatforms) = postSolution
		{C9496104-31FC-4926-A552-3C6130640586}.Debug|Any CPU.ActiveCfg = Debug|Any CPU
		{C9496104-31FC-4926-A552-3C6130640586}.Debug|Any CPU.Build.0 = Debug|Any CPU
		{C9496104-31FC-4926-A552-3C6130640586}.Release|Any CPU.ActiveCfg = Release|Any CPU
		{C9496104-31FC-4926-A552-3C6130640586}.Release|Any CPU.Build.0 = Release|Any CPU
		{863783FB-948E-40B5-8614-316B0421F634}.Debug|Any CPU.ActiveCfg = Debug|Any CPU
		{863783FB-948E-40B5-8614-316B0421F634}.Debug|Any CPU.Build.0 = Debug|Any CPU
		{863783FB-948E-40B5-8614-316B0421F634}.Release|Any CPU.ActiveCfg = Release|Any CPU
		{863783FB-948E-40B5-8614-316B0421F634}.Release|Any CPU.Build.0 = Release|Any CPU
		{AE1067B4-2E92-469C-814D-DE9920A24FB0}.Debug|Any CPU.ActiveCfg = Debug|Any CPU
		{AE1067B4-2E92-469C-814D-DE9920A24FB0}.Debug|Any CPU.Build.0 = Debug|Any CPU
		{AE1067B4-2E92-469C-814D-DE9920A24FB0}.Release|Any CPU.ActiveCfg = Release|Any CPU
		{AE1067B4-2E92-469C-814D-DE9920A24FB0}.Release|Any CPU.Build.0 = Release|Any CPU
	EndGlobalSection
	GlobalSection(SolutionProperties) = preSolution
		HideSolutionNode = FALSE
	EndGlobalSection
EndGlobal
